// !$*UTF8*$!
{
	archiveVersion = 1;
	classes = {
	};
	objectVersion = 50;
	objects = {

/* Begin PBXBuildFile section */
		836F5C2E273B619500F5A5E7 /* main.cpp in Sources */ = {isa = PBXBuildFile; fileRef = 836F5C2D273B619500F5A5E7 /* main.cpp */; };
		83EBD8FA273B69A000E3FA75 /* SDL_Plotter.cpp in Sources */ = {isa = PBXBuildFile; fileRef = 83EBD8F8273B69A000E3FA75 /* SDL_Plotter.cpp */; };
		83FBE298273BD484004DDEF1 /* libSDL2-2.0.0.dylib in Frameworks */ = {isa = PBXBuildFile; fileRef = 83C7B8BE273BC83B009FB9A9 /* libSDL2-2.0.0.dylib */; };
		83FBE299273BD4BA004DDEF1 /* libSDL_mixer-1.2.0.dylib in Frameworks */ = {isa = PBXBuildFile; fileRef = 83C7B8C0273BC87D009FB9A9 /* libSDL_mixer-1.2.0.dylib */; };
/* End PBXBuildFile section */

/* Begin PBXCopyFilesBuildPhase section */
		836F5C28273B619500F5A5E7 /* CopyFiles */ = {
			isa = PBXCopyFilesBuildPhase;
			buildActionMask = 2147483647;
			dstPath = /usr/share/man/man1/;
			dstSubfolderSpec = 0;
			files = (
			);
			runOnlyForDeploymentPostprocessing = 1;
		};
/* End PBXCopyFilesBuildPhase section */

/* Begin PBXFileReference section */
		836F5C2A273B619500F5A5E7 /* Falling Ball */ = {isa = PBXFileReference; explicitFileType = "compiled.mach-o.executable"; includeInIndex = 0; path = "Falling Ball"; sourceTree = BUILT_PRODUCTS_DIR; };
		836F5C2D273B619500F5A5E7 /* main.cpp */ = {isa = PBXFileReference; lastKnownFileType = sourcecode.cpp.cpp; path = main.cpp; sourceTree = "<group>"; };
		83C7B8BE273BC83B009FB9A9 /* libSDL2-2.0.0.dylib */ = {isa = PBXFileReference; lastKnownFileType = "compiled.mach-o.dylib"; name = "libSDL2-2.0.0.dylib"; path = "../../../../../../usr/local/Cellar/sdl2/2.0.16/lib/libSDL2-2.0.0.dylib"; sourceTree = "<group>"; };
		83C7B8C0273BC87D009FB9A9 /* libSDL_mixer-1.2.0.dylib */ = {isa = PBXFileReference; lastKnownFileType = "compiled.mach-o.dylib"; name = "libSDL_mixer-1.2.0.dylib"; path = "../../../../../../usr/local/Cellar/sdl_mixer/1.2.12_4/lib/libSDL_mixer-1.2.0.dylib"; sourceTree = "<group>"; };
		83EBD8EF273B688800E3FA75 /* SDL_Plotter.h */ = {isa = PBXFileReference; lastKnownFileType = sourcecode.c.h; path = SDL_Plotter.h; sourceTree = "<group>"; };
		83EBD8F1273B690200E3FA75 /* SDL2.framework */ = {isa = PBXFileReference; lastKnownFileType = wrapper.framework; name = SDL2.framework; path = ../../../../../../Library/Frameworks/SDL2.framework; sourceTree = "<group>"; };
		83EBD8F2273B690200E3FA75 /* SDL2_mixer.framework */ = {isa = PBXFileReference; lastKnownFileType = wrapper.framework; name = SDL2_mixer.framework; path = ../../../../../../Library/Frameworks/SDL2_mixer.framework; sourceTree = "<group>"; };
		83EBD8F8273B69A000E3FA75 /* SDL_Plotter.cpp */ = {isa = PBXFileReference; lastKnownFileType = sourcecode.cpp.cpp; name = SDL_Plotter.cpp; path = Source/SDL_Plotter.cpp; sourceTree = "<group>"; };
/* End PBXFileReference section */

/* Begin PBXFrameworksBuildPhase section */
		836F5C27273B619500F5A5E7 /* Frameworks */ = {
			isa = PBXFrameworksBuildPhase;
			buildActionMask = 2147483647;
			files = (
				83FBE299273BD4BA004DDEF1 /* libSDL_mixer-1.2.0.dylib in Frameworks */,
				83FBE298273BD484004DDEF1 /* libSDL2-2.0.0.dylib in Frameworks */,
			);
			runOnlyForDeploymentPostprocessing = 0;
		};
/* End PBXFrameworksBuildPhase section */

/* Begin PBXGroup section */
		836F5C21273B619500F5A5E7 = {
			isa = PBXGroup;
			children = (
				836F5C2C273B619500F5A5E7 /* Falling Ball */,
				836F5C2B273B619500F5A5E7 /* Products */,
				83EBD8F0273B690200E3FA75 /* Frameworks */,
			);
			sourceTree = "<group>";
		};
		836F5C2B273B619500F5A5E7 /* Products */ = {
			isa = PBXGroup;
			children = (
				836F5C2A273B619500F5A5E7 /* Falling Ball */,
			);
			name = Products;
			sourceTree = "<group>";
		};
		836F5C2C273B619500F5A5E7 /* Falling Ball */ = {
			isa = PBXGroup;
			children = (
				83EBD8EB273B67F200E3FA75 /* Source */,
				83EBD8F8273B69A000E3FA75 /* SDL_Plotter.cpp */,
				83EBD8EA273B67E500E3FA75 /* Header */,
				836F5C2D273B619500F5A5E7 /* main.cpp */,
			);
			path = "Falling Ball";
			sourceTree = "<group>";
		};
		83EBD8EA273B67E500E3FA75 /* Header */ = {
			isa = PBXGroup;
			children = (
				83EBD8EF273B688800E3FA75 /* SDL_Plotter.h */,
			);
			path = Header;
			sourceTree = "<group>";
		};
		83EBD8EB273B67F200E3FA75 /* Source */ = {
			isa = PBXGroup;
			children = (
			);
			path = Source;
			sourceTree = "<group>";
		};
		83EBD8F0273B690200E3FA75 /* Frameworks */ = {
			isa = PBXGroup;
			children = (
				83C7B8C0273BC87D009FB9A9 /* libSDL_mixer-1.2.0.dylib */,
				83C7B8BE273BC83B009FB9A9 /* libSDL2-2.0.0.dylib */,
				83EBD8F2273B690200E3FA75 /* SDL2_mixer.framework */,
				83EBD8F1273B690200E3FA75 /* SDL2.framework */,
			);
			name = Frameworks;
			sourceTree = "<group>";
		};
/* End PBXGroup section */

/* Begin PBXNativeTarget section */
		836F5C29273B619500F5A5E7 /* Falling Ball */ = {
			isa = PBXNativeTarget;
			buildConfigurationList = 836F5C31273B619500F5A5E7 /* Build configuration list for PBXNativeTarget "Falling Ball" */;
			buildPhases = (
				836F5C26273B619500F5A5E7 /* Sources */,
				836F5C27273B619500F5A5E7 /* Frameworks */,
				836F5C28273B619500F5A5E7 /* CopyFiles */,
			);
			buildRules = (
			);
			dependencies = (
			);
			name = "Falling Ball";
			productName = "Falling Ball";
			productReference = 836F5C2A273B619500F5A5E7 /* Falling Ball */;
			productType = "com.apple.product-type.tool";
		};
/* End PBXNativeTarget section */

/* Begin PBXProject section */
		836F5C22273B619500F5A5E7 /* Project object */ = {
			isa = PBXProject;
			attributes = {
				LastUpgradeCheck = 1310;
				TargetAttributes = {
					836F5C29273B619500F5A5E7 = {
						CreatedOnToolsVersion = 12.5.1;
					};
				};
			};
			buildConfigurationList = 836F5C25273B619500F5A5E7 /* Build configuration list for PBXProject "Falling Ball" */;
			compatibilityVersion = "Xcode 9.3";
			developmentRegion = en;
			hasScannedForEncodings = 0;
			knownRegions = (
				en,
				Base,
			);
			mainGroup = 836F5C21273B619500F5A5E7;
			productRefGroup = 836F5C2B273B619500F5A5E7 /* Products */;
			projectDirPath = "";
			projectRoot = "";
			targets = (
				836F5C29273B619500F5A5E7 /* Falling Ball */,
			);
		};
/* End PBXProject section */

/* Begin PBXSourcesBuildPhase section */
		836F5C26273B619500F5A5E7 /* Sources */ = {
			isa = PBXSourcesBuildPhase;
			buildActionMask = 2147483647;
			files = (
				83EBD8FA273B69A000E3FA75 /* SDL_Plotter.cpp in Sources */,
				836F5C2E273B619500F5A5E7 /* main.cpp in Sources */,
			);
			runOnlyForDeploymentPostprocessing = 0;
		};
/* End PBXSourcesBuildPhase section */

/* Begin XCBuildConfiguration section */
		836F5C2F273B619500F5A5E7 /* Debug */ = {
			isa = XCBuildConfiguration;
			buildSettings = {
				ALWAYS_SEARCH_USER_PATHS = NO;
				CLANG_ANALYZER_NONNULL = YES;
				CLANG_ANALYZER_NUMBER_OBJECT_CONVERSION = YES_AGGRESSIVE;
				CLANG_CXX_LANGUAGE_STANDARD = "gnu++14";
				CLANG_CXX_LIBRARY = "libc++";
				CLANG_ENABLE_MODULES = YES;
				CLANG_ENABLE_OBJC_ARC = YES;
				CLANG_ENABLE_OBJC_WEAK = YES;
				CLANG_WARN_BLOCK_CAPTURE_AUTORELEASING = YES;
				CLANG_WARN_BOOL_CONVERSION = YES;
				CLANG_WARN_COMMA = YES;
				CLANG_WARN_CONSTANT_CONVERSION = YES;
				CLANG_WARN_DEPRECATED_OBJC_IMPLEMENTATIONS = YES;
				CLANG_WARN_DIRECT_OBJC_ISA_USAGE = YES_ERROR;
				CLANG_WARN_DOCUMENTATION_COMMENTS = YES;
				CLANG_WARN_EMPTY_BODY = YES;
				CLANG_WARN_ENUM_CONVERSION = YES;
				CLANG_WARN_INFINITE_RECURSION = YES;
				CLANG_WARN_INT_CONVERSION = YES;
				CLANG_WARN_NON_LITERAL_NULL_CONVERSION = YES;
				CLANG_WARN_OBJC_IMPLICIT_RETAIN_SELF = YES;
				CLANG_WARN_OBJC_LITERAL_CONVERSION = YES;
				CLANG_WARN_OBJC_ROOT_CLASS = YES_ERROR;
				CLANG_WARN_QUOTED_INCLUDE_IN_FRAMEWORK_HEADER = YES;
				CLANG_WARN_RANGE_LOOP_ANALYSIS = YES;
				CLANG_WARN_STRICT_PROTOTYPES = YES;
				CLANG_WARN_SUSPICIOUS_MOVE = YES;
				CLANG_WARN_UNGUARDED_AVAILABILITY = YES_AGGRESSIVE;
				CLANG_WARN_UNREACHABLE_CODE = YES;
				CLANG_WARN__DUPLICATE_METHOD_MATCH = YES;
				COPY_PHASE_STRIP = NO;
				DEBUG_INFORMATION_FORMAT = dwarf;
				ENABLE_STRICT_OBJC_MSGSEND = YES;
				ENABLE_TESTABILITY = YES;
				GCC_C_LANGUAGE_STANDARD = gnu11;
				GCC_DYNAMIC_NO_PIC = NO;
				GCC_NO_COMMON_BLOCKS = YES;
				GCC_OPTIMIZATION_LEVEL = 0;
				GCC_PREPROCESSOR_DEFINITIONS = (
					"DEBUG=1",
					"$(inherited)",
				);
				GCC_WARN_64_TO_32_BIT_CONVERSION = YES;
				GCC_WARN_ABOUT_RETURN_TYPE = YES_ERROR;
				GCC_WARN_UNDECLARED_SELECTOR = YES;
				GCC_WARN_UNINITIALIZED_AUTOS = YES_AGGRESSIVE;
				GCC_WARN_UNUSED_FUNCTION = YES;
				GCC_WARN_UNUSED_VARIABLE = YES;
				MACOSX_DEPLOYMENT_TARGET = 11.3;
				MTL_ENABLE_DEBUG_INFO = INCLUDE_SOURCE;
				MTL_FAST_MATH = YES;
				ONLY_ACTIVE_ARCH = YES;
				SDKROOT = macosx;
			};
			name = Debug;
		};
		836F5C30273B619500F5A5E7 /* Release */ = {
			isa = XCBuildConfiguration;
			buildSettings = {
				ALWAYS_SEARCH_USER_PATHS = NO;
				CLANG_ANALYZER_NONNULL = YES;
				CLANG_ANALYZER_NUMBER_OBJECT_CONVERSION = YES_AGGRESSIVE;
				CLANG_CXX_LANGUAGE_STANDARD = "gnu++14";
				CLANG_CXX_LIBRARY = "libc++";
				CLANG_ENABLE_MODULES = YES;
				CLANG_ENABLE_OBJC_ARC = YES;
				CLANG_ENABLE_OBJC_WEAK = YES;
				CLANG_WARN_BLOCK_CAPTURE_AUTORELEASING = YES;
				CLANG_WARN_BOOL_CONVERSION = YES;
				CLANG_WARN_COMMA = YES;
				CLANG_WARN_CONSTANT_CONVERSION = YES;
				CLANG_WARN_DEPRECATED_OBJC_IMPLEMENTATIONS = YES;
				CLANG_WARN_DIRECT_OBJC_ISA_USAGE = YES_ERROR;
				CLANG_WARN_DOCUMENTATION_COMMENTS = YES;
				CLANG_WARN_EMPTY_BODY = YES;
				CLANG_WARN_ENUM_CONVERSION = YES;
				CLANG_WARN_INFINITE_RECURSION = YES;
				CLANG_WARN_INT_CONVERSION = YES;
				CLANG_WARN_NON_LITERAL_NULL_CONVERSION = YES;
				CLANG_WARN_OBJC_IMPLICIT_RETAIN_SELF = YES;
				CLANG_WARN_OBJC_LITERAL_CONVERSION = YES;
				CLANG_WARN_OBJC_ROOT_CLASS = YES_ERROR;
				CLANG_WARN_QUOTED_INCLUDE_IN_FRAMEWORK_HEADER = YES;
				CLANG_WARN_RANGE_LOOP_ANALYSIS = YES;
				CLANG_WARN_STRICT_PROTOTYPES = YES;
				CLANG_WARN_SUSPICIOUS_MOVE = YES;
				CLANG_WARN_UNGUARDED_AVAILABILITY = YES_AGGRESSIVE;
				CLANG_WARN_UNREACHABLE_CODE = YES;
				CLANG_WARN__DUPLICATE_METHOD_MATCH = YES;
				COPY_PHASE_STRIP = NO;
				DEBUG_INFORMATION_FORMAT = "dwarf-with-dsym";
				ENABLE_NS_ASSERTIONS = NO;
				ENABLE_STRICT_OBJC_MSGSEND = YES;
				GCC_C_LANGUAGE_STANDARD = gnu11;
				GCC_NO_COMMON_BLOCKS = YES;
				GCC_WARN_64_TO_32_BIT_CONVERSION = YES;
				GCC_WARN_ABOUT_RETURN_TYPE = YES_ERROR;
				GCC_WARN_UNDECLARED_SELECTOR = YES;
				GCC_WARN_UNINITIALIZED_AUTOS = YES_AGGRESSIVE;
				GCC_WARN_UNUSED_FUNCTION = YES;
				GCC_WARN_UNUSED_VARIABLE = YES;
				MACOSX_DEPLOYMENT_TARGET = 11.3;
				MTL_ENABLE_DEBUG_INFO = NO;
				MTL_FAST_MATH = YES;
				SDKROOT = macosx;
			};
			name = Release;
		};
		836F5C32273B619500F5A5E7 /* Debug */ = {
			isa = XCBuildConfiguration;
			buildSettings = {
				CODE_SIGN_IDENTITY = "-";
				CODE_SIGN_STYLE = Automatic;
				COPY_HEADERS_RUN_UNIFDEF = NO;
				FRAMEWORK_SEARCH_PATHS = (
					"$(inherited)",
					"$(LOCAL_LIBRARY_DIR)/Frameworks",
				);
				HEADER_SEARCH_PATHS = usr/local/include;
				LIBRARY_SEARCH_PATHS = (
					"$(inherited)",
					/usr/local/Cellar/sdl2/2.0.16/lib,
					/usr/local/Cellar/sdl_mixer/1.2.12_4/lib,
				);
				PRODUCT_NAME = "$(TARGET_NAME)";
			};
			name = Debug;
		};
		836F5C33273B619500F5A5E7 /* Release */ = {
			isa = XCBuildConfiguration;
			buildSettings = {
				CODE_SIGN_IDENTITY = "-";
				CODE_SIGN_STYLE = Automatic;
				COPY_HEADERS_RUN_UNIFDEF = NO;
				FRAMEWORK_SEARCH_PATHS = (
					"$(inherited)",
					"$(LOCAL_LIBRARY_DIR)/Frameworks",
				);
				HEADER_SEARCH_PATHS = usr/local/include;
				LIBRARY_SEARCH_PATHS = (
					"$(inherited)",
					/usr/local/Cellar/sdl2/2.0.16/lib,
					/usr/local/Cellar/sdl_mixer/1.2.12_4/lib,
				);
				PRODUCT_NAME = "$(TARGET_NAME)";
			};
			name = Release;
		};
/* End XCBuildConfiguration section */

/* Begin XCConfigurationList section */
		836F5C25273B619500F5A5E7 /* Build configuration list for PBXProject "Falling Ball" */ = {
			isa = XCConfigurationList;
			buildConfigurations = (
				836F5C2F273B619500F5A5E7 /* Debug */,
				836F5C30273B619500F5A5E7 /* Release */,
			);
			defaultConfigurationIsVisible = 0;
			defaultConfigurationName = Release;
		};
		836F5C31273B619500F5A5E7 /* Build configuration list for PBXNativeTarget "Falling Ball" */ = {
			isa = XCConfigurationList;
			buildConfigurations = (
				836F5C32273B619500F5A5E7 /* Debug */,
				836F5C33273B619500F5A5E7 /* Release */,
			);
			defaultConfigurationIsVisible = 0;
			defaultConfigurationName = Release;
		};
/* End XCConfigurationList section */
	};
	rootObject = 836F5C22273B619500F5A5E7 /* Project object */;
}
